// !$*UTF8*$!
{
	archiveVersion = 1;
	classes = {
	};
	objectVersion = 46;
	objects = {

/* Begin PBXBuildFile section */
		9E4178711844063800A9DA60 /* Foundation.framework in Frameworks */ = {isa = PBXBuildFile; fileRef = 9E4178701844063800A9DA60 /* Foundation.framework */; };
		9E4178731844063800A9DA60 /* CoreGraphics.framework in Frameworks */ = {isa = PBXBuildFile; fileRef = 9E4178721844063800A9DA60 /* CoreGraphics.framework */; };
		9E4178751844063800A9DA60 /* UIKit.framework in Frameworks */ = {isa = PBXBuildFile; fileRef = 9E4178741844063800A9DA60 /* UIKit.framework */; };
		9E41787B1844063800A9DA60 /* InfoPlist.strings in Resources */ = {isa = PBXBuildFile; fileRef = 9E4178791844063800A9DA60 /* InfoPlist.strings */; };
		9E41787D1844063800A9DA60 /* main.m in Sources */ = {isa = PBXBuildFile; fileRef = 9E41787C1844063800A9DA60 /* main.m */; };
		9E4178811844063800A9DA60 /* SRAppDelegate.m in Sources */ = {isa = PBXBuildFile; fileRef = 9E4178801844063800A9DA60 /* SRAppDelegate.m */; };
		9E4178831844063800A9DA60 /* Images.xcassets in Resources */ = {isa = PBXBuildFile; fileRef = 9E4178821844063800A9DA60 /* Images.xcassets */; };
		9E41788A1844063900A9DA60 /* XCTest.framework in Frameworks */ = {isa = PBXBuildFile; fileRef = 9E4178891844063900A9DA60 /* XCTest.framework */; };
		9E41788B1844063900A9DA60 /* Foundation.framework in Frameworks */ = {isa = PBXBuildFile; fileRef = 9E4178701844063800A9DA60 /* Foundation.framework */; };
		9E41788C1844063900A9DA60 /* UIKit.framework in Frameworks */ = {isa = PBXBuildFile; fileRef = 9E4178741844063800A9DA60 /* UIKit.framework */; };
		9E4178941844063900A9DA60 /* InfoPlist.strings in Resources */ = {isa = PBXBuildFile; fileRef = 9E4178921844063900A9DA60 /* InfoPlist.strings */; };
		9E4178961844063900A9DA60 /* SmartReaderiOSTests.m in Sources */ = {isa = PBXBuildFile; fileRef = 9E4178951844063900A9DA60 /* SmartReaderiOSTests.m */; };
/* End PBXBuildFile section */

/* Begin PBXContainerItemProxy section */
		9E41788D1844063900A9DA60 /* PBXContainerItemProxy */ = {
			isa = PBXContainerItemProxy;
			containerPortal = 9E4178651844063800A9DA60 /* Project object */;
			proxyType = 1;
			remoteGlobalIDString = 9E41786C1844063800A9DA60;
			remoteInfo = SmartReaderiOS;
		};
/* End PBXContainerItemProxy section */

/* Begin PBXFileReference section */
		9E41786D1844063800A9DA60 /* SmartReaderiOS.app */ = {isa = PBXFileReference; explicitFileType = wrapper.application; includeInIndex = 0; path = SmartReaderiOS.app; sourceTree = BUILT_PRODUCTS_DIR; };
		9E4178701844063800A9DA60 /* Foundation.framework */ = {isa = PBXFileReference; lastKnownFileType = wrapper.framework; name = Foundation.framework; path = System/Library/Frameworks/Foundation.framework; sourceTree = SDKROOT; };
		9E4178721844063800A9DA60 /* CoreGraphics.framework */ = {isa = PBXFileReference; lastKnownFileType = wrapper.framework; name = CoreGraphics.framework; path = System/Library/Frameworks/CoreGraphics.framework; sourceTree = SDKROOT; };
		9E4178741844063800A9DA60 /* UIKit.framework */ = {isa = PBXFileReference; lastKnownFileType = wrapper.framework; name = UIKit.framework; path = System/Library/Frameworks/UIKit.framework; sourceTree = SDKROOT; };
		9E4178781844063800A9DA60 /* SmartReaderiOS-Info.plist */ = {isa = PBXFileReference; lastKnownFileType = text.plist.xml; path = "SmartReaderiOS-Info.plist"; sourceTree = "<group>"; };
		9E41787A1844063800A9DA60 /* en */ = {isa = PBXFileReference; lastKnownFileType = text.plist.strings; name = en; path = en.lproj/InfoPlist.strings; sourceTree = "<group>"; };
		9E41787C1844063800A9DA60 /* main.m */ = {isa = PBXFileReference; lastKnownFileType = sourcecode.c.objc; path = main.m; sourceTree = "<group>"; };
		9E41787E1844063800A9DA60 /* SmartReaderiOS-Prefix.pch */ = {isa = PBXFileReference; lastKnownFileType = sourcecode.c.h; path = "SmartReaderiOS-Prefix.pch"; sourceTree = "<group>"; };
		9E41787F1844063800A9DA60 /* SRAppDelegate.h */ = {isa = PBXFileReference; lastKnownFileType = sourcecode.c.h; path = SRAppDelegate.h; sourceTree = "<group>"; };
		9E4178801844063800A9DA60 /* SRAppDelegate.m */ = {isa = PBXFileReference; lastKnownFileType = sourcecode.c.objc; path = SRAppDelegate.m; sourceTree = "<group>"; };
		9E4178821844063800A9DA60 /* Images.xcassets */ = {isa = PBXFileReference; lastKnownFileType = folder.assetcatalog; path = Images.xcassets; sourceTree = "<group>"; };
		9E4178881844063900A9DA60 /* SmartReaderiOSTests.xctest */ = {isa = PBXFileReference; explicitFileType = wrapper.cfbundle; includeInIndex = 0; path = SmartReaderiOSTests.xctest; sourceTree = BUILT_PRODUCTS_DIR; };
		9E4178891844063900A9DA60 /* XCTest.framework */ = {isa = PBXFileReference; lastKnownFileType = wrapper.framework; name = XCTest.framework; path = Library/Frameworks/XCTest.framework; sourceTree = DEVELOPER_DIR; };
		9E4178911844063900A9DA60 /* SmartReaderiOSTests-Info.plist */ = {isa = PBXFileReference; lastKnownFileType = text.plist.xml; path = "SmartReaderiOSTests-Info.plist"; sourceTree = "<group>"; };
		9E4178931844063900A9DA60 /* en */ = {isa = PBXFileReference; lastKnownFileType = text.plist.strings; name = en; path = en.lproj/InfoPlist.strings; sourceTree = "<group>"; };
		9E4178951844063900A9DA60 /* SmartReaderiOSTests.m */ = {isa = PBXFileReference; lastKnownFileType = sourcecode.c.objc; path = SmartReaderiOSTests.m; sourceTree = "<group>"; };
/* End PBXFileReference section */

/* Begin PBXFrameworksBuildPhase section */
		9E41786A1844063800A9DA60 /* Frameworks */ = {
			isa = PBXFrameworksBuildPhase;
			buildActionMask = 2147483647;
			files = (
				9E4178731844063800A9DA60 /* CoreGraphics.framework in Frameworks */,
				9E4178751844063800A9DA60 /* UIKit.framework in Frameworks */,
				9E4178711844063800A9DA60 /* Foundation.framework in Frameworks */,
			);
			runOnlyForDeploymentPostprocessing = 0;
		};
		9E4178851844063900A9DA60 /* Frameworks */ = {
			isa = PBXFrameworksBuildPhase;
			buildActionMask = 2147483647;
			files = (
				9E41788A1844063900A9DA60 /* XCTest.framework in Frameworks */,
				9E41788C1844063900A9DA60 /* UIKit.framework in Frameworks */,
				9E41788B1844063900A9DA60 /* Foundation.framework in Frameworks */,
			);
			runOnlyForDeploymentPostprocessing = 0;
		};
/* End PBXFrameworksBuildPhase section */

/* Begin PBXGroup section */
		9E4178641844063800A9DA60 = {
			isa = PBXGroup;
			children = (
				9E4178761844063800A9DA60 /* SmartReaderiOS */,
				9E41788F1844063900A9DA60 /* SmartReaderiOSTests */,
				9E41786F1844063800A9DA60 /* Frameworks */,
				9E41786E1844063800A9DA60 /* Products */,
			);
			sourceTree = "<group>";
		};
		9E41786E1844063800A9DA60 /* Products */ = {
			isa = PBXGroup;
			children = (
				9E41786D1844063800A9DA60 /* SmartReaderiOS.app */,
				9E4178881844063900A9DA60 /* SmartReaderiOSTests.xctest */,
			);
			name = Products;
			sourceTree = "<group>";
		};
		9E41786F1844063800A9DA60 /* Frameworks */ = {
			isa = PBXGroup;
			children = (
				9E4178701844063800A9DA60 /* Foundation.framework */,
				9E4178721844063800A9DA60 /* CoreGraphics.framework */,
				9E4178741844063800A9DA60 /* UIKit.framework */,
				9E4178891844063900A9DA60 /* XCTest.framework */,
			);
			name = Frameworks;
			sourceTree = "<group>";
		};
		9E4178761844063800A9DA60 /* SmartReaderiOS */ = {
			isa = PBXGroup;
			children = (
				9E41787F1844063800A9DA60 /* SRAppDelegate.h */,
				9E4178801844063800A9DA60 /* SRAppDelegate.m */,
				9E4178821844063800A9DA60 /* Images.xcassets */,
				9E4178771844063800A9DA60 /* Supporting Files */,
			);
			path = SmartReaderiOS;
			sourceTree = "<group>";
		};
		9E4178771844063800A9DA60 /* Supporting Files */ = {
			isa = PBXGroup;
			children = (
				9E4178781844063800A9DA60 /* SmartReaderiOS-Info.plist */,
				9E4178791844063800A9DA60 /* InfoPlist.strings */,
				9E41787C1844063800A9DA60 /* main.m */,
				9E41787E1844063800A9DA60 /* SmartReaderiOS-Prefix.pch */,
			);
			name = "Supporting Files";
			sourceTree = "<group>";
		};
		9E41788F1844063900A9DA60 /* SmartReaderiOSTests */ = {
			isa = PBXGroup;
			children = (
				9E4178951844063900A9DA60 /* SmartReaderiOSTests.m */,
				9E4178901844063900A9DA60 /* Supporting Files */,
			);
			path = SmartReaderiOSTests;
			sourceTree = "<group>";
		};
		9E4178901844063900A9DA60 /* Supporting Files */ = {
			isa = PBXGroup;
			children = (
				9E4178911844063900A9DA60 /* SmartReaderiOSTests-Info.plist */,
				9E4178921844063900A9DA60 /* InfoPlist.strings */,
			);
			name = "Supporting Files";
			sourceTree = "<group>";
		};
/* End PBXGroup section */

/* Begin PBXNativeTarget section */
		9E41786C1844063800A9DA60 /* SmartReaderiOS */ = {
			isa = PBXNativeTarget;
			buildConfigurationList = 9E4178991844063900A9DA60 /* Build configuration list for PBXNativeTarget "SmartReaderiOS" */;
			buildPhases = (
				9E4178691844063800A9DA60 /* Sources */,
				9E41786A1844063800A9DA60 /* Frameworks */,
				9E41786B1844063800A9DA60 /* Resources */,
			);
			buildRules = (
			);
			dependencies = (
			);
			name = SmartReaderiOS;
			productName = SmartReaderiOS;
			productReference = 9E41786D1844063800A9DA60 /* SmartReaderiOS.app */;
			productType = "com.apple.product-type.application";
		};
		9E4178871844063900A9DA60 /* SmartReaderiOSTests */ = {
			isa = PBXNativeTarget;
			buildConfigurationList = 9E41789C1844063900A9DA60 /* Build configuration list for PBXNativeTarget "SmartReaderiOSTests" */;
			buildPhases = (
				9E4178841844063900A9DA60 /* Sources */,
				9E4178851844063900A9DA60 /* Frameworks */,
				9E4178861844063900A9DA60 /* Resources */,
			);
			buildRules = (
			);
			dependencies = (
				9E41788E1844063900A9DA60 /* PBXTargetDependency */,
			);
			name = SmartReaderiOSTests;
			productName = SmartReaderiOSTests;
			productReference = 9E4178881844063900A9DA60 /* SmartReaderiOSTests.xctest */;
			productType = "com.apple.product-type.bundle.unit-test";
		};
/* End PBXNativeTarget section */

/* Begin PBXProject section */
		9E4178651844063800A9DA60 /* Project object */ = {
			isa = PBXProject;
			attributes = {
				CLASSPREFIX = SR;
				LastUpgradeCheck = 0500;
				ORGANIZATIONNAME = "Ke Sun";
				TargetAttributes = {
					9E4178871844063900A9DA60 = {
						TestTargetID = 9E41786C1844063800A9DA60;
					};
				};
			};
			buildConfigurationList = 9E4178681844063800A9DA60 /* Build configuration list for PBXProject "SmartReaderiOS" */;
			compatibilityVersion = "Xcode 3.2";
			developmentRegion = English;
			hasScannedForEncodings = 0;
			knownRegions = (
				en,
			);
			mainGroup = 9E4178641844063800A9DA60;
			productRefGroup = 9E41786E1844063800A9DA60 /* Products */;
			projectDirPath = "";
			projectRoot = "";
			targets = (
				9E41786C1844063800A9DA60 /* SmartReaderiOS */,
				9E4178871844063900A9DA60 /* SmartReaderiOSTests */,
			);
		};
/* End PBXProject section */

/* Begin PBXResourcesBuildPhase section */
		9E41786B1844063800A9DA60 /* Resources */ = {
			isa = PBXResourcesBuildPhase;
			buildActionMask = 2147483647;
			files = (
				9E41787B1844063800A9DA60 /* InfoPlist.strings in Resources */,
				9E4178831844063800A9DA60 /* Images.xcassets in Resources */,
			);
			runOnlyForDeploymentPostprocessing = 0;
		};
		9E4178861844063900A9DA60 /* Resources */ = {
			isa = PBXResourcesBuildPhase;
			buildActionMask = 2147483647;
			files = (
				9E4178941844063900A9DA60 /* InfoPlist.strings in Resources */,
			);
			runOnlyForDeploymentPostprocessing = 0;
		};
/* End PBXResourcesBuildPhase section */

/* Begin PBXSourcesBuildPhase section */
		9E4178691844063800A9DA60 /* Sources */ = {
			isa = PBXSourcesBuildPhase;
			buildActionMask = 2147483647;
			files = (
				9E41787D1844063800A9DA60 /* main.m in Sources */,
				9E4178811844063800A9DA60 /* SRAppDelegate.m in Sources */,
			);
			runOnlyForDeploymentPostprocessing = 0;
		};
		9E4178841844063900A9DA60 /* Sources */ = {
			isa = PBXSourcesBuildPhase;
			buildActionMask = 2147483647;
			files = (
				9E4178961844063900A9DA60 /* SmartReaderiOSTests.m in Sources */,
			);
			runOnlyForDeploymentPostprocessing = 0;
		};
/* End PBXSourcesBuildPhase section */

/* Begin PBXTargetDependency section */
		9E41788E1844063900A9DA60 /* PBXTargetDependency */ = {
			isa = PBXTargetDependency;
			target = 9E41786C1844063800A9DA60 /* SmartReaderiOS */;
			targetProxy = 9E41788D1844063900A9DA60 /* PBXContainerItemProxy */;
		};
/* End PBXTargetDependency section */

/* Begin PBXVariantGroup section */
		9E4178791844063800A9DA60 /* InfoPlist.strings */ = {
			isa = PBXVariantGroup;
			children = (
				9E41787A1844063800A9DA60 /* en */,
			);
			name = InfoPlist.strings;
			sourceTree = "<group>";
		};
		9E4178921844063900A9DA60 /* InfoPlist.strings */ = {
			isa = PBXVariantGroup;
			children = (
				9E4178931844063900A9DA60 /* en */,
			);
			name = InfoPlist.strings;
			sourceTree = "<group>";
		};
/* End PBXVariantGroup section */

/* Begin XCBuildConfiguration section */
		9E4178971844063900A9DA60 /* Debug */ = {
			isa = XCBuildConfiguration;
			buildSettings = {
				ALWAYS_SEARCH_USER_PATHS = NO;
				ARCHS = "$(ARCHS_STANDARD_INCLUDING_64_BIT)";
				CLANG_CXX_LANGUAGE_STANDARD = "gnu++0x";
				CLANG_CXX_LIBRARY = "libc++";
				CLANG_ENABLE_MODULES = YES;
				CLANG_ENABLE_OBJC_ARC = YES;
				CLANG_WARN_BOOL_CONVERSION = YES;
				CLANG_WARN_CONSTANT_CONVERSION = YES;
				CLANG_WARN_DIRECT_OBJC_ISA_USAGE = YES_ERROR;
				CLANG_WARN_EMPTY_BODY = YES;
				CLANG_WARN_ENUM_CONVERSION = YES;
				CLANG_WARN_INT_CONVERSION = YES;
				CLANG_WARN_OBJC_ROOT_CLASS = YES_ERROR;
				CLANG_WARN__DUPLICATE_METHOD_MATCH = YES;
				"CODE_SIGN_IDENTITY[sdk=iphoneos*]" = "iPhone Developer";
				COPY_PHASE_STRIP = NO;
				GCC_C_LANGUAGE_STANDARD = gnu99;
				GCC_DYNAMIC_NO_PIC = NO;
				GCC_OPTIMIZATION_LEVEL = 0;
				GCC_PREPROCESSOR_DEFINITIONS = (
					"DEBUG=1",
					"$(inherited)",
				);
				GCC_SYMBOLS_PRIVATE_EXTERN = NO;
				GCC_WARN_64_TO_32_BIT_CONVERSION = YES;
				GCC_WARN_ABOUT_RETURN_TYPE = YES_ERROR;
				GCC_WARN_UNDECLARED_SELECTOR = YES;
				GCC_WARN_UNINITIALIZED_AUTOS = YES;
				GCC_WARN_UNUSED_FUNCTION = YES;
				GCC_WARN_UNUSED_VARIABLE = YES;
				IPHONEOS_DEPLOYMENT_TARGET = 7.0;
				ONLY_ACTIVE_ARCH = YES;
				SDKROOT = iphoneos;
				TARGETED_DEVICE_FAMILY = "1,2";
			};
			name = Debug;
		};
		9E4178981844063900A9DA60 /* Release */ = {
			isa = XCBuildConfiguration;
			buildSettings = {
				ALWAYS_SEARCH_USER_PATHS = NO;
				ARCHS = "$(ARCHS_STANDARD_INCLUDING_64_BIT)";
				CLANG_CXX_LANGUAGE_STANDARD = "gnu++0x";
				CLANG_CXX_LIBRARY = "libc++";
				CLANG_ENABLE_MODULES = YES;
				CLANG_ENABLE_OBJC_ARC = YES;
				CLANG_WARN_BOOL_CONVERSION = YES;
				CLANG_WARN_CONSTANT_CONVERSION = YES;
				CLANG_WARN_DIRECT_OBJC_ISA_USAGE = YES_ERROR;
				CLANG_WARN_EMPTY_BODY = YES;
				CLANG_WARN_ENUM_CONVERSION = YES;
				CLANG_WARN_INT_CONVERSION = YES;
				CLANG_WARN_OBJC_ROOT_CLASS = YES_ERROR;
				CLANG_WARN__DUPLICATE_METHOD_MATCH = YES;
				"CODE_SIGN_IDENTITY[sdk=iphoneos*]" = "iPhone Developer";
				COPY_PHASE_STRIP = YES;
				ENABLE_NS_ASSERTIONS = NO;
				GCC_C_LANGUAGE_STANDARD = gnu99;
				GCC_WARN_64_TO_32_BIT_CONVERSION = YES;
				GCC_WARN_ABOUT_RETURN_TYPE = YES_ERROR;
				GCC_WARN_UNDECLARED_SELECTOR = YES;
				GCC_WARN_UNINITIALIZED_AUTOS = YES;
				GCC_WARN_UNUSED_FUNCTION = YES;
				GCC_WARN_UNUSED_VARIABLE = YES;
				IPHONEOS_DEPLOYMENT_TARGET = 7.0;
				SDKROOT = iphoneos;
				TARGETED_DEVICE_FAMILY = "1,2";
				VALIDATE_PRODUCT = YES;
			};
			name = Release;
		};
		9E41789A1844063900A9DA60 /* Debug */ = {
			isa = XCBuildConfiguration;
			buildSettings = {
				ASSETCATALOG_COMPILER_APPICON_NAME = AppIcon;
				ASSETCATALOG_COMPILER_LAUNCHIMAGE_NAME = LaunchImage;
				GCC_PRECOMPILE_PREFIX_HEADER = YES;
				GCC_PREFIX_HEADER = "SmartReaderiOS/SmartReaderiOS-Prefix.pch";
				INFOPLIST_FILE = "SmartReaderiOS/SmartReaderiOS-Info.plist";
				PRODUCT_NAME = "$(TARGET_NAME)";
				WRAPPER_EXTENSION = app;
			};
			name = Debug;
		};
		9E41789B1844063900A9DA60 /* Release */ = {
			isa = XCBuildConfiguration;
			buildSettings = {
				ASSETCATALOG_COMPILER_APPICON_NAME = AppIcon;
				ASSETCATALOG_COMPILER_LAUNCHIMAGE_NAME = LaunchImage;
				GCC_PRECOMPILE_PREFIX_HEADER = YES;
				GCC_PREFIX_HEADER = "SmartReaderiOS/SmartReaderiOS-Prefix.pch";
				INFOPLIST_FILE = "SmartReaderiOS/SmartReaderiOS-Info.plist";
				PRODUCT_NAME = "$(TARGET_NAME)";
				WRAPPER_EXTENSION = app;
			};
			name = Release;
		};
		9E41789D1844063900A9DA60 /* Debug */ = {
			isa = XCBuildConfiguration;
			buildSettings = {
				ARCHS = "$(ARCHS_STANDARD_INCLUDING_64_BIT)";
				BUNDLE_LOADER = "$(BUILT_PRODUCTS_DIR)/SmartReaderiOS.app/SmartReaderiOS";
				FRAMEWORK_SEARCH_PATHS = (
					"$(SDKROOT)/Developer/Library/Frameworks",
					"$(inherited)",
					"$(DEVELOPER_FRAMEWORKS_DIR)",
				);
				GCC_PRECOMPILE_PREFIX_HEADER = YES;
				GCC_PREFIX_HEADER = "SmartReaderiOS/SmartReaderiOS-Prefix.pch";
				GCC_PREPROCESSOR_DEFINITIONS = (
					"DEBUG=1",
					"$(inherited)",
				);
				INFOPLIST_FILE = "SmartReaderiOSTests/SmartReaderiOSTests-Info.plist";
				PRODUCT_NAME = "$(TARGET_NAME)";
				TEST_HOST = "$(BUNDLE_LOADER)";
				WRAPPER_EXTENSION = xctest;
			};
			name = Debug;
		};
		9E41789E1844063900A9DA60 /* Release */ = {
			isa = XCBuildConfiguration;
			buildSettings = {
				ARCHS = "$(ARCHS_STANDARD_INCLUDING_64_BIT)";
				BUNDLE_LOADER = "$(BUILT_PRODUCTS_DIR)/SmartReaderiOS.app/SmartReaderiOS";
				FRAMEWORK_SEARCH_PATHS = (
					"$(SDKROOT)/Developer/Library/Frameworks",
					"$(inherited)",
					"$(DEVELOPER_FRAMEWORKS_DIR)",
				);
				GCC_PRECOMPILE_PREFIX_HEADER = YES;
				GCC_PREFIX_HEADER = "SmartReaderiOS/SmartReaderiOS-Prefix.pch";
				INFOPLIST_FILE = "SmartReaderiOSTests/SmartReaderiOSTests-Info.plist";
				PRODUCT_NAME = "$(TARGET_NAME)";
				TEST_HOST = "$(BUNDLE_LOADER)";
				WRAPPER_EXTENSION = xctest;
			};
			name = Release;
		};
/* End XCBuildConfiguration section */

/* Begin XCConfigurationList section */
		9E4178681844063800A9DA60 /* Build configuration list for PBXProject "SmartReaderiOS" */ = {
			isa = XCConfigurationList;
			buildConfigurations = (
				9E4178971844063900A9DA60 /* Debug */,
				9E4178981844063900A9DA60 /* Release */,
			);
			defaultConfigurationIsVisible = 0;
			defaultConfigurationName = Release;
		};
		9E4178991844063900A9DA60 /* Build configuration list for PBXNativeTarget "SmartReaderiOS" */ = {
			isa = XCConfigurationList;
			buildConfigurations = (
				9E41789A1844063900A9DA60 /* Debug */,
				9E41789B1844063900A9DA60 /* Release */,
			);
			defaultConfigurationIsVisible = 0;
		};
		9E41789C1844063900A9DA60 /* Build configuration list for PBXNativeTarget "SmartReaderiOSTests" */ = {
			isa = XCConfigurationList;
			buildConfigurations = (
				9E41789D1844063900A9DA60 /* Debug */,
				9E41789E1844063900A9DA60 /* Release */,
			);
			defaultConfigurationIsVisible = 0;
		};
/* End XCConfigurationList section */
	};
	rootObject = 9E4178651844063800A9DA60 /* Project object */;
}
