// !$*UTF8*$!
{
	archiveVersion = 1;
	classes = {
	};
	objectVersion = 46;
	objects = {

/* Begin PBXBuildFile section */
		9E4178711844063800A9DA60 /* Foundation.framework in Frameworks */ = {isa = PBXBuildFile; fileRef = 9E4178701844063800A9DA60 /* Foundation.framework */; };
		9E4178731844063800A9DA60 /* CoreGraphics.framework in Frameworks */ = {isa = PBXBuildFile; fileRef = 9E4178721844063800A9DA60 /* CoreGraphics.framework */; };
		9E4178751844063800A9DA60 /* UIKit.framework in Frameworks */ = {isa = PBXBuildFile; fileRef = 9E4178741844063800A9DA60 /* UIKit.framework */; };
		9E41787B1844063800A9DA60 /* InfoPlist.strings in Resources */ = {isa = PBXBuildFile; fileRef = 9E4178791844063800A9DA60 /* InfoPlist.strings */; };
		9E41787D1844063800A9DA60 /* main.m in Sources */ = {isa = PBXBuildFile; fileRef = 9E41787C1844063800A9DA60 /* main.m */; };
		9E4178811844063800A9DA60 /* SRAppDelegate.m in Sources */ = {isa = PBXBuildFile; fileRef = 9E4178801844063800A9DA60 /* SRAppDelegate.m */; };
		9E4178831844063800A9DA60 /* Images.xcassets in Resources */ = {isa = PBXBuildFile; fileRef = 9E4178821844063800A9DA60 /* Images.xcassets */; };
		9E41788A1844063900A9DA60 /* XCTest.framework in Frameworks */ = {isa = PBXBuildFile; fileRef = 9E4178891844063900A9DA60 /* XCTest.framework */; };
		9E41788B1844063900A9DA60 /* Foundation.framework in Frameworks */ = {isa = PBXBuildFile; fileRef = 9E4178701844063800A9DA60 /* Foundation.framework */; };
		9E41788C1844063900A9DA60 /* UIKit.framework in Frameworks */ = {isa = PBXBuildFile; fileRef = 9E4178741844063800A9DA60 /* UIKit.framework */; };
		9E4178941844063900A9DA60 /* InfoPlist.strings in Resources */ = {isa = PBXBuildFile; fileRef = 9E4178921844063900A9DA60 /* InfoPlist.strings */; };
		9E4178961844063900A9DA60 /* SmartReaderiOSTests.m in Sources */ = {isa = PBXBuildFile; fileRef = 9E4178951844063900A9DA60 /* SmartReaderiOSTests.m */; };
		9E4179C8184408FD00A9DA60 /* HTMLNode.m in Sources */ = {isa = PBXBuildFile; fileRef = 9E4179C5184408FD00A9DA60 /* HTMLNode.m */; };
		9E4179C9184408FD00A9DA60 /* HTMLParser.m in Sources */ = {isa = PBXBuildFile; fileRef = 9E4179C7184408FD00A9DA60 /* HTMLParser.m */; };
		9E4179D21844093400A9DA60 /* MWFeedParser.m in Sources */ = {isa = PBXBuildFile; fileRef = 9E4179CD1844093400A9DA60 /* MWFeedParser.m */; };
		9E4179D31844093400A9DA60 /* MWFeedInfo.m in Sources */ = {isa = PBXBuildFile; fileRef = 9E4179CF1844093400A9DA60 /* MWFeedInfo.m */; };
		9E4179D41844093400A9DA60 /* MWFeedItem.m in Sources */ = {isa = PBXBuildFile; fileRef = 9E4179D11844093400A9DA60 /* MWFeedItem.m */; };
		9E4179E91844095C00A9DA60 /* AFHTTPRequestOperation.m in Sources */ = {isa = PBXBuildFile; fileRef = 9E4179D71844095C00A9DA60 /* AFHTTPRequestOperation.m */; };
		9E4179EA1844095C00A9DA60 /* AFHTTPRequestOperationManager.m in Sources */ = {isa = PBXBuildFile; fileRef = 9E4179D91844095C00A9DA60 /* AFHTTPRequestOperationManager.m */; };
		9E4179EB1844095C00A9DA60 /* AFHTTPSessionManager.m in Sources */ = {isa = PBXBuildFile; fileRef = 9E4179DB1844095C00A9DA60 /* AFHTTPSessionManager.m */; };
		9E4179EC1844095C00A9DA60 /* AFNetworkReachabilityManager.m in Sources */ = {isa = PBXBuildFile; fileRef = 9E4179DE1844095C00A9DA60 /* AFNetworkReachabilityManager.m */; };
		9E4179ED1844095C00A9DA60 /* AFSecurityPolicy.m in Sources */ = {isa = PBXBuildFile; fileRef = 9E4179E01844095C00A9DA60 /* AFSecurityPolicy.m */; };
		9E4179EE1844095C00A9DA60 /* AFURLConnectionOperation.m in Sources */ = {isa = PBXBuildFile; fileRef = 9E4179E21844095C00A9DA60 /* AFURLConnectionOperation.m */; };
		9E4179EF1844095C00A9DA60 /* AFURLRequestSerialization.m in Sources */ = {isa = PBXBuildFile; fileRef = 9E4179E41844095C00A9DA60 /* AFURLRequestSerialization.m */; };
		9E4179F01844095C00A9DA60 /* AFURLResponseSerialization.m in Sources */ = {isa = PBXBuildFile; fileRef = 9E4179E61844095C00A9DA60 /* AFURLResponseSerialization.m */; };
		9E4179F11844095C00A9DA60 /* AFURLSessionManager.m in Sources */ = {isa = PBXBuildFile; fileRef = 9E4179E81844095C00A9DA60 /* AFURLSessionManager.m */; };
		9E4179F918440E1500A9DA60 /* NSString+HTML.m in Sources */ = {isa = PBXBuildFile; fileRef = 9E4179F618440E1500A9DA60 /* NSString+HTML.m */; };
		9E4179FA18440E1500A9DA60 /* NSDate+InternetDateTime.m in Sources */ = {isa = PBXBuildFile; fileRef = 9E4179F818440E1500A9DA60 /* NSDate+InternetDateTime.m */; };
		9E4179FD18440E1D00A9DA60 /* GTMNSString+HTML.m in Sources */ = {isa = PBXBuildFile; fileRef = 9E4179FC18440E1D00A9DA60 /* GTMNSString+HTML.m */; };
		9E417A0118440E5E00A9DA60 /* NSString+XMLEntities.m in Sources */ = {isa = PBXBuildFile; fileRef = 9E417A0018440E5E00A9DA60 /* NSString+XMLEntities.m */; };
		9E417A031844108700A9DA60 /* libxml2.dylib in Frameworks */ = {isa = PBXBuildFile; fileRef = 9E417A021844108700A9DA60 /* libxml2.dylib */; };
		9E417A07184410ED00A9DA60 /* SRMainTableViewController.m in Sources */ = {isa = PBXBuildFile; fileRef = 9E417A05184410ED00A9DA60 /* SRMainTableViewController.m */; };
		9E417A08184410ED00A9DA60 /* SRMainTableViewController.xib in Resources */ = {isa = PBXBuildFile; fileRef = 9E417A06184410ED00A9DA60 /* SRMainTableViewController.xib */; };
		9E417A0C18441E6000A9DA60 /* SRSecondaryTableViewController.m in Sources */ = {isa = PBXBuildFile; fileRef = 9E417A0A18441E6000A9DA60 /* SRSecondaryTableViewController.m */; };
		9E417A0D18441E6000A9DA60 /* SRSecondaryTableViewController.xib in Resources */ = {isa = PBXBuildFile; fileRef = 9E417A0B18441E6000A9DA60 /* SRSecondaryTableViewController.xib */; };
		9E417A1118441E7600A9DA60 /* SRMainContentViewController.m in Sources */ = {isa = PBXBuildFile; fileRef = 9E417A0F18441E7600A9DA60 /* SRMainContentViewController.m */; };
		9E417A1218441E7600A9DA60 /* SRMainContentViewController.xib in Resources */ = {isa = PBXBuildFile; fileRef = 9E417A1018441E7600A9DA60 /* SRMainContentViewController.xib */; };
		9EEE4E4618451DAE00C0066E /* SRFileUtility.m in Sources */ = {isa = PBXBuildFile; fileRef = 9EEE4E4518451DAE00C0066E /* SRFileUtility.m */; };
		9EEE4E4918452A3B00C0066E /* SRDebug.m in Sources */ = {isa = PBXBuildFile; fileRef = 9EEE4E4818452A3B00C0066E /* SRDebug.m */; };
		9EEE4E4D184547F600C0066E /* SRSource.m in Sources */ = {isa = PBXBuildFile; fileRef = 9EEE4E4C184547F600C0066E /* SRSource.m */; };
		9EEE4E5E18454DA300C0066E /* AFNetworkActivityIndicatorManager.m in Sources */ = {isa = PBXBuildFile; fileRef = 9EEE4E5018454DA300C0066E /* AFNetworkActivityIndicatorManager.m */; };
		9EEE4E5F18454DA300C0066E /* UIActivityIndicatorView+AFNetworking.m in Sources */ = {isa = PBXBuildFile; fileRef = 9EEE4E5218454DA300C0066E /* UIActivityIndicatorView+AFNetworking.m */; };
		9EEE4E6018454DA300C0066E /* UIAlertView+AFNetworking.m in Sources */ = {isa = PBXBuildFile; fileRef = 9EEE4E5418454DA300C0066E /* UIAlertView+AFNetworking.m */; };
		9EEE4E6118454DA300C0066E /* UIButton+AFNetworking.m in Sources */ = {isa = PBXBuildFile; fileRef = 9EEE4E5618454DA300C0066E /* UIButton+AFNetworking.m */; };
		9EEE4E6218454DA300C0066E /* UIImageView+AFNetworking.m in Sources */ = {isa = PBXBuildFile; fileRef = 9EEE4E5818454DA300C0066E /* UIImageView+AFNetworking.m */; };
		9EEE4E6318454DA300C0066E /* UIProgressView+AFNetworking.m in Sources */ = {isa = PBXBuildFile; fileRef = 9EEE4E5B18454DA300C0066E /* UIProgressView+AFNetworking.m */; };
		9EEE4E6418454DA300C0066E /* UIWebView+AFNetworking.m in Sources */ = {isa = PBXBuildFile; fileRef = 9EEE4E5D18454DA300C0066E /* UIWebView+AFNetworking.m */; };
		9EEE4E68184550C800C0066E /* SRAddSourceViewController.m in Sources */ = {isa = PBXBuildFile; fileRef = 9EEE4E66184550C800C0066E /* SRAddSourceViewController.m */; };
		9EEE4E69184550C800C0066E /* SRAddSourceViewController.xib in Resources */ = {isa = PBXBuildFile; fileRef = 9EEE4E67184550C800C0066E /* SRAddSourceViewController.xib */; };
/* End PBXBuildFile section */

/* Begin PBXContainerItemProxy section */
		9E41788D1844063900A9DA60 /* PBXContainerItemProxy */ = {
			isa = PBXContainerItemProxy;
			containerPortal = 9E4178651844063800A9DA60 /* Project object */;
			proxyType = 1;
			remoteGlobalIDString = 9E41786C1844063800A9DA60;
			remoteInfo = SmartReaderiOS;
		};
/* End PBXContainerItemProxy section */

/* Begin PBXFileReference section */
		9E41786D1844063800A9DA60 /* SmartReaderiOS.app */ = {isa = PBXFileReference; explicitFileType = wrapper.application; includeInIndex = 0; path = SmartReaderiOS.app; sourceTree = BUILT_PRODUCTS_DIR; };
		9E4178701844063800A9DA60 /* Foundation.framework */ = {isa = PBXFileReference; lastKnownFileType = wrapper.framework; name = Foundation.framework; path = System/Library/Frameworks/Foundation.framework; sourceTree = SDKROOT; };
		9E4178721844063800A9DA60 /* CoreGraphics.framework */ = {isa = PBXFileReference; lastKnownFileType = wrapper.framework; name = CoreGraphics.framework; path = System/Library/Frameworks/CoreGraphics.framework; sourceTree = SDKROOT; };
		9E4178741844063800A9DA60 /* UIKit.framework */ = {isa = PBXFileReference; lastKnownFileType = wrapper.framework; name = UIKit.framework; path = System/Library/Frameworks/UIKit.framework; sourceTree = SDKROOT; };
		9E4178781844063800A9DA60 /* SmartReaderiOS-Info.plist */ = {isa = PBXFileReference; lastKnownFileType = text.plist.xml; path = "SmartReaderiOS-Info.plist"; sourceTree = "<group>"; };
		9E41787A1844063800A9DA60 /* en */ = {isa = PBXFileReference; lastKnownFileType = text.plist.strings; name = en; path = en.lproj/InfoPlist.strings; sourceTree = "<group>"; };
		9E41787C1844063800A9DA60 /* main.m */ = {isa = PBXFileReference; lastKnownFileType = sourcecode.c.objc; path = main.m; sourceTree = "<group>"; };
		9E41787E1844063800A9DA60 /* SmartReaderiOS-Prefix.pch */ = {isa = PBXFileReference; lastKnownFileType = sourcecode.c.h; path = "SmartReaderiOS-Prefix.pch"; sourceTree = "<group>"; };
		9E41787F1844063800A9DA60 /* SRAppDelegate.h */ = {isa = PBXFileReference; lastKnownFileType = sourcecode.c.h; path = SRAppDelegate.h; sourceTree = "<group>"; };
		9E4178801844063800A9DA60 /* SRAppDelegate.m */ = {isa = PBXFileReference; lastKnownFileType = sourcecode.c.objc; path = SRAppDelegate.m; sourceTree = "<group>"; };
		9E4178821844063800A9DA60 /* Images.xcassets */ = {isa = PBXFileReference; lastKnownFileType = folder.assetcatalog; path = Images.xcassets; sourceTree = "<group>"; };
		9E4178881844063900A9DA60 /* SmartReaderiOSTests.xctest */ = {isa = PBXFileReference; explicitFileType = wrapper.cfbundle; includeInIndex = 0; path = SmartReaderiOSTests.xctest; sourceTree = BUILT_PRODUCTS_DIR; };
		9E4178891844063900A9DA60 /* XCTest.framework */ = {isa = PBXFileReference; lastKnownFileType = wrapper.framework; name = XCTest.framework; path = Library/Frameworks/XCTest.framework; sourceTree = DEVELOPER_DIR; };
		9E4178911844063900A9DA60 /* SmartReaderiOSTests-Info.plist */ = {isa = PBXFileReference; lastKnownFileType = text.plist.xml; path = "SmartReaderiOSTests-Info.plist"; sourceTree = "<group>"; };
		9E4178931844063900A9DA60 /* en */ = {isa = PBXFileReference; lastKnownFileType = text.plist.strings; name = en; path = en.lproj/InfoPlist.strings; sourceTree = "<group>"; };
		9E4178951844063900A9DA60 /* SmartReaderiOSTests.m */ = {isa = PBXFileReference; lastKnownFileType = sourcecode.c.objc; path = SmartReaderiOSTests.m; sourceTree = "<group>"; };
		9E4179C4184408FD00A9DA60 /* HTMLNode.h */ = {isa = PBXFileReference; fileEncoding = 4; lastKnownFileType = sourcecode.c.h; name = HTMLNode.h; path = "Objective-C-HMTL-Parser/HTMLNode.h"; sourceTree = SOURCE_ROOT; };
		9E4179C5184408FD00A9DA60 /* HTMLNode.m */ = {isa = PBXFileReference; fileEncoding = 4; lastKnownFileType = sourcecode.c.objc; name = HTMLNode.m; path = "Objective-C-HMTL-Parser/HTMLNode.m"; sourceTree = SOURCE_ROOT; };
		9E4179C6184408FD00A9DA60 /* HTMLParser.h */ = {isa = PBXFileReference; fileEncoding = 4; lastKnownFileType = sourcecode.c.h; name = HTMLParser.h; path = "Objective-C-HMTL-Parser/HTMLParser.h"; sourceTree = SOURCE_ROOT; };
		9E4179C7184408FD00A9DA60 /* HTMLParser.m */ = {isa = PBXFileReference; fileEncoding = 4; lastKnownFileType = sourcecode.c.objc; name = HTMLParser.m; path = "Objective-C-HMTL-Parser/HTMLParser.m"; sourceTree = SOURCE_ROOT; };
		9E4179CB1844093400A9DA60 /* MWFeedParser.h */ = {isa = PBXFileReference; fileEncoding = 4; lastKnownFileType = sourcecode.c.h; name = MWFeedParser.h; path = MWFeedParser/Classes/MWFeedParser.h; sourceTree = SOURCE_ROOT; };
		9E4179CC1844093400A9DA60 /* MWFeedParser_Private.h */ = {isa = PBXFileReference; fileEncoding = 4; lastKnownFileType = sourcecode.c.h; name = MWFeedParser_Private.h; path = MWFeedParser/Classes/MWFeedParser_Private.h; sourceTree = SOURCE_ROOT; };
		9E4179CD1844093400A9DA60 /* MWFeedParser.m */ = {isa = PBXFileReference; fileEncoding = 4; lastKnownFileType = sourcecode.c.objc; name = MWFeedParser.m; path = MWFeedParser/Classes/MWFeedParser.m; sourceTree = SOURCE_ROOT; };
		9E4179CE1844093400A9DA60 /* MWFeedInfo.h */ = {isa = PBXFileReference; fileEncoding = 4; lastKnownFileType = sourcecode.c.h; name = MWFeedInfo.h; path = MWFeedParser/Classes/MWFeedInfo.h; sourceTree = SOURCE_ROOT; };
		9E4179CF1844093400A9DA60 /* MWFeedInfo.m */ = {isa = PBXFileReference; fileEncoding = 4; lastKnownFileType = sourcecode.c.objc; name = MWFeedInfo.m; path = MWFeedParser/Classes/MWFeedInfo.m; sourceTree = SOURCE_ROOT; };
		9E4179D01844093400A9DA60 /* MWFeedItem.h */ = {isa = PBXFileReference; fileEncoding = 4; lastKnownFileType = sourcecode.c.h; name = MWFeedItem.h; path = MWFeedParser/Classes/MWFeedItem.h; sourceTree = SOURCE_ROOT; };
		9E4179D11844093400A9DA60 /* MWFeedItem.m */ = {isa = PBXFileReference; fileEncoding = 4; lastKnownFileType = sourcecode.c.objc; name = MWFeedItem.m; path = MWFeedParser/Classes/MWFeedItem.m; sourceTree = SOURCE_ROOT; };
		9E4179D61844095C00A9DA60 /* AFHTTPRequestOperation.h */ = {isa = PBXFileReference; fileEncoding = 4; lastKnownFileType = sourcecode.c.h; name = AFHTTPRequestOperation.h; path = AFNetworking/AFNetworking/AFHTTPRequestOperation.h; sourceTree = SOURCE_ROOT; };
		9E4179D71844095C00A9DA60 /* AFHTTPRequestOperation.m */ = {isa = PBXFileReference; fileEncoding = 4; lastKnownFileType = sourcecode.c.objc; name = AFHTTPRequestOperation.m; path = AFNetworking/AFNetworking/AFHTTPRequestOperation.m; sourceTree = SOURCE_ROOT; };
		9E4179D81844095C00A9DA60 /* AFHTTPRequestOperationManager.h */ = {isa = PBXFileReference; fileEncoding = 4; lastKnownFileType = sourcecode.c.h; name = AFHTTPRequestOperationManager.h; path = AFNetworking/AFNetworking/AFHTTPRequestOperationManager.h; sourceTree = SOURCE_ROOT; };
		9E4179D91844095C00A9DA60 /* AFHTTPRequestOperationManager.m */ = {isa = PBXFileReference; fileEncoding = 4; lastKnownFileType = sourcecode.c.objc; name = AFHTTPRequestOperationManager.m; path = AFNetworking/AFNetworking/AFHTTPRequestOperationManager.m; sourceTree = SOURCE_ROOT; };
		9E4179DA1844095C00A9DA60 /* AFHTTPSessionManager.h */ = {isa = PBXFileReference; fileEncoding = 4; lastKnownFileType = sourcecode.c.h; name = AFHTTPSessionManager.h; path = AFNetworking/AFNetworking/AFHTTPSessionManager.h; sourceTree = SOURCE_ROOT; };
		9E4179DB1844095C00A9DA60 /* AFHTTPSessionManager.m */ = {isa = PBXFileReference; fileEncoding = 4; lastKnownFileType = sourcecode.c.objc; name = AFHTTPSessionManager.m; path = AFNetworking/AFNetworking/AFHTTPSessionManager.m; sourceTree = SOURCE_ROOT; };
		9E4179DC1844095C00A9DA60 /* AFNetworking.h */ = {isa = PBXFileReference; fileEncoding = 4; lastKnownFileType = sourcecode.c.h; name = AFNetworking.h; path = AFNetworking/AFNetworking/AFNetworking.h; sourceTree = SOURCE_ROOT; };
		9E4179DD1844095C00A9DA60 /* AFNetworkReachabilityManager.h */ = {isa = PBXFileReference; fileEncoding = 4; lastKnownFileType = sourcecode.c.h; name = AFNetworkReachabilityManager.h; path = AFNetworking/AFNetworking/AFNetworkReachabilityManager.h; sourceTree = SOURCE_ROOT; };
		9E4179DE1844095C00A9DA60 /* AFNetworkReachabilityManager.m */ = {isa = PBXFileReference; fileEncoding = 4; lastKnownFileType = sourcecode.c.objc; name = AFNetworkReachabilityManager.m; path = AFNetworking/AFNetworking/AFNetworkReachabilityManager.m; sourceTree = SOURCE_ROOT; };
		9E4179DF1844095C00A9DA60 /* AFSecurityPolicy.h */ = {isa = PBXFileReference; fileEncoding = 4; lastKnownFileType = sourcecode.c.h; name = AFSecurityPolicy.h; path = AFNetworking/AFNetworking/AFSecurityPolicy.h; sourceTree = SOURCE_ROOT; };
		9E4179E01844095C00A9DA60 /* AFSecurityPolicy.m */ = {isa = PBXFileReference; fileEncoding = 4; lastKnownFileType = sourcecode.c.objc; name = AFSecurityPolicy.m; path = AFNetworking/AFNetworking/AFSecurityPolicy.m; sourceTree = SOURCE_ROOT; };
		9E4179E11844095C00A9DA60 /* AFURLConnectionOperation.h */ = {isa = PBXFileReference; fileEncoding = 4; lastKnownFileType = sourcecode.c.h; name = AFURLConnectionOperation.h; path = AFNetworking/AFNetworking/AFURLConnectionOperation.h; sourceTree = SOURCE_ROOT; };
		9E4179E21844095C00A9DA60 /* AFURLConnectionOperation.m */ = {isa = PBXFileReference; fileEncoding = 4; lastKnownFileType = sourcecode.c.objc; name = AFURLConnectionOperation.m; path = AFNetworking/AFNetworking/AFURLConnectionOperation.m; sourceTree = SOURCE_ROOT; };
		9E4179E31844095C00A9DA60 /* AFURLRequestSerialization.h */ = {isa = PBXFileReference; fileEncoding = 4; lastKnownFileType = sourcecode.c.h; name = AFURLRequestSerialization.h; path = AFNetworking/AFNetworking/AFURLRequestSerialization.h; sourceTree = SOURCE_ROOT; };
		9E4179E41844095C00A9DA60 /* AFURLRequestSerialization.m */ = {isa = PBXFileReference; fileEncoding = 4; lastKnownFileType = sourcecode.c.objc; name = AFURLRequestSerialization.m; path = AFNetworking/AFNetworking/AFURLRequestSerialization.m; sourceTree = SOURCE_ROOT; };
		9E4179E51844095C00A9DA60 /* AFURLResponseSerialization.h */ = {isa = PBXFileReference; fileEncoding = 4; lastKnownFileType = sourcecode.c.h; name = AFURLResponseSerialization.h; path = AFNetworking/AFNetworking/AFURLResponseSerialization.h; sourceTree = SOURCE_ROOT; };
		9E4179E61844095C00A9DA60 /* AFURLResponseSerialization.m */ = {isa = PBXFileReference; fileEncoding = 4; lastKnownFileType = sourcecode.c.objc; name = AFURLResponseSerialization.m; path = AFNetworking/AFNetworking/AFURLResponseSerialization.m; sourceTree = SOURCE_ROOT; };
		9E4179E71844095C00A9DA60 /* AFURLSessionManager.h */ = {isa = PBXFileReference; fileEncoding = 4; lastKnownFileType = sourcecode.c.h; name = AFURLSessionManager.h; path = AFNetworking/AFNetworking/AFURLSessionManager.h; sourceTree = SOURCE_ROOT; };
		9E4179E81844095C00A9DA60 /* AFURLSessionManager.m */ = {isa = PBXFileReference; fileEncoding = 4; lastKnownFileType = sourcecode.c.objc; name = AFURLSessionManager.m; path = AFNetworking/AFNetworking/AFURLSessionManager.m; sourceTree = SOURCE_ROOT; };
		9E4179F518440E1500A9DA60 /* NSString+HTML.h */ = {isa = PBXFileReference; fileEncoding = 4; lastKnownFileType = sourcecode.c.h; name = "NSString+HTML.h"; path = "MWFeedParser/Classes/NSString+HTML.h"; sourceTree = SOURCE_ROOT; };
		9E4179F618440E1500A9DA60 /* NSString+HTML.m */ = {isa = PBXFileReference; fileEncoding = 4; lastKnownFileType = sourcecode.c.objc; name = "NSString+HTML.m"; path = "MWFeedParser/Classes/NSString+HTML.m"; sourceTree = SOURCE_ROOT; };
		9E4179F718440E1500A9DA60 /* NSDate+InternetDateTime.h */ = {isa = PBXFileReference; fileEncoding = 4; lastKnownFileType = sourcecode.c.h; name = "NSDate+InternetDateTime.h"; path = "MWFeedParser/Classes/NSDate+InternetDateTime.h"; sourceTree = SOURCE_ROOT; };
		9E4179F818440E1500A9DA60 /* NSDate+InternetDateTime.m */ = {isa = PBXFileReference; fileEncoding = 4; lastKnownFileType = sourcecode.c.objc; name = "NSDate+InternetDateTime.m"; path = "MWFeedParser/Classes/NSDate+InternetDateTime.m"; sourceTree = SOURCE_ROOT; };
		9E4179FB18440E1D00A9DA60 /* GTMNSString+HTML.h */ = {isa = PBXFileReference; fileEncoding = 4; lastKnownFileType = sourcecode.c.h; name = "GTMNSString+HTML.h"; path = "MWFeedParser/Classes/GTMNSString+HTML.h"; sourceTree = SOURCE_ROOT; };
		9E4179FC18440E1D00A9DA60 /* GTMNSString+HTML.m */ = {isa = PBXFileReference; fileEncoding = 4; lastKnownFileType = sourcecode.c.objc; name = "GTMNSString+HTML.m"; path = "MWFeedParser/Classes/GTMNSString+HTML.m"; sourceTree = SOURCE_ROOT; };
		9E4179FF18440E5E00A9DA60 /* NSString+XMLEntities.h */ = {isa = PBXFileReference; fileEncoding = 4; lastKnownFileType = sourcecode.c.h; name = "NSString+XMLEntities.h"; path = "MWFeedParser/Classes/NSString+XMLEntities.h"; sourceTree = SOURCE_ROOT; };
		9E417A0018440E5E00A9DA60 /* NSString+XMLEntities.m */ = {isa = PBXFileReference; fileEncoding = 4; lastKnownFileType = sourcecode.c.objc; name = "NSString+XMLEntities.m"; path = "MWFeedParser/Classes/NSString+XMLEntities.m"; sourceTree = SOURCE_ROOT; };
		9E417A021844108700A9DA60 /* libxml2.dylib */ = {isa = PBXFileReference; lastKnownFileType = "compiled.mach-o.dylib"; name = libxml2.dylib; path = usr/lib/libxml2.dylib; sourceTree = SDKROOT; };
		9E417A04184410ED00A9DA60 /* SRMainTableViewController.h */ = {isa = PBXFileReference; fileEncoding = 4; lastKnownFileType = sourcecode.c.h; path = SRMainTableViewController.h; sourceTree = "<group>"; };
		9E417A05184410ED00A9DA60 /* SRMainTableViewController.m */ = {isa = PBXFileReference; fileEncoding = 4; lastKnownFileType = sourcecode.c.objc; path = SRMainTableViewController.m; sourceTree = "<group>"; };
		9E417A06184410ED00A9DA60 /* SRMainTableViewController.xib */ = {isa = PBXFileReference; fileEncoding = 4; lastKnownFileType = file.xib; path = SRMainTableViewController.xib; sourceTree = "<group>"; };
		9E417A0918441E6000A9DA60 /* SRSecondaryTableViewController.h */ = {isa = PBXFileReference; fileEncoding = 4; lastKnownFileType = sourcecode.c.h; path = SRSecondaryTableViewController.h; sourceTree = "<group>"; };
		9E417A0A18441E6000A9DA60 /* SRSecondaryTableViewController.m */ = {isa = PBXFileReference; fileEncoding = 4; lastKnownFileType = sourcecode.c.objc; path = SRSecondaryTableViewController.m; sourceTree = "<group>"; };
		9E417A0B18441E6000A9DA60 /* SRSecondaryTableViewController.xib */ = {isa = PBXFileReference; fileEncoding = 4; lastKnownFileType = file.xib; path = SRSecondaryTableViewController.xib; sourceTree = "<group>"; };
		9E417A0E18441E7600A9DA60 /* SRMainContentViewController.h */ = {isa = PBXFileReference; fileEncoding = 4; lastKnownFileType = sourcecode.c.h; path = SRMainContentViewController.h; sourceTree = "<group>"; };
		9E417A0F18441E7600A9DA60 /* SRMainContentViewController.m */ = {isa = PBXFileReference; fileEncoding = 4; lastKnownFileType = sourcecode.c.objc; path = SRMainContentViewController.m; sourceTree = "<group>"; };
		9E417A1018441E7600A9DA60 /* SRMainContentViewController.xib */ = {isa = PBXFileReference; fileEncoding = 4; lastKnownFileType = file.xib; path = SRMainContentViewController.xib; sourceTree = "<group>"; };
		9EEE4E4418451DAE00C0066E /* SRFileUtility.h */ = {isa = PBXFileReference; fileEncoding = 4; lastKnownFileType = sourcecode.c.h; path = SRFileUtility.h; sourceTree = "<group>"; };
		9EEE4E4518451DAE00C0066E /* SRFileUtility.m */ = {isa = PBXFileReference; fileEncoding = 4; lastKnownFileType = sourcecode.c.objc; path = SRFileUtility.m; sourceTree = "<group>"; };
		9EEE4E4718452A3B00C0066E /* SRDebug.h */ = {isa = PBXFileReference; fileEncoding = 4; lastKnownFileType = sourcecode.c.h; path = SRDebug.h; sourceTree = "<group>"; };
		9EEE4E4818452A3B00C0066E /* SRDebug.m */ = {isa = PBXFileReference; fileEncoding = 4; lastKnownFileType = sourcecode.c.objc; path = SRDebug.m; sourceTree = "<group>"; };
		9EEE4E4B184547F600C0066E /* SRSource.h */ = {isa = PBXFileReference; fileEncoding = 4; lastKnownFileType = sourcecode.c.h; path = SRSource.h; sourceTree = "<group>"; };
		9EEE4E4C184547F600C0066E /* SRSource.m */ = {isa = PBXFileReference; fileEncoding = 4; lastKnownFileType = sourcecode.c.objc; path = SRSource.m; sourceTree = "<group>"; };
		9EEE4E4F18454DA300C0066E /* AFNetworkActivityIndicatorManager.h */ = {isa = PBXFileReference; fileEncoding = 4; lastKnownFileType = sourcecode.c.h; path = AFNetworkActivityIndicatorManager.h; sourceTree = "<group>"; };
		9EEE4E5018454DA300C0066E /* AFNetworkActivityIndicatorManager.m */ = {isa = PBXFileReference; fileEncoding = 4; lastKnownFileType = sourcecode.c.objc; path = AFNetworkActivityIndicatorManager.m; sourceTree = "<group>"; };
		9EEE4E5118454DA300C0066E /* UIActivityIndicatorView+AFNetworking.h */ = {isa = PBXFileReference; fileEncoding = 4; lastKnownFileType = sourcecode.c.h; path = "UIActivityIndicatorView+AFNetworking.h"; sourceTree = "<group>"; };
		9EEE4E5218454DA300C0066E /* UIActivityIndicatorView+AFNetworking.m */ = {isa = PBXFileReference; fileEncoding = 4; lastKnownFileType = sourcecode.c.objc; path = "UIActivityIndicatorView+AFNetworking.m"; sourceTree = "<group>"; };
		9EEE4E5318454DA300C0066E /* UIAlertView+AFNetworking.h */ = {isa = PBXFileReference; fileEncoding = 4; lastKnownFileType = sourcecode.c.h; path = "UIAlertView+AFNetworking.h"; sourceTree = "<group>"; };
		9EEE4E5418454DA300C0066E /* UIAlertView+AFNetworking.m */ = {isa = PBXFileReference; fileEncoding = 4; lastKnownFileType = sourcecode.c.objc; path = "UIAlertView+AFNetworking.m"; sourceTree = "<group>"; };
		9EEE4E5518454DA300C0066E /* UIButton+AFNetworking.h */ = {isa = PBXFileReference; fileEncoding = 4; lastKnownFileType = sourcecode.c.h; path = "UIButton+AFNetworking.h"; sourceTree = "<group>"; };
		9EEE4E5618454DA300C0066E /* UIButton+AFNetworking.m */ = {isa = PBXFileReference; fileEncoding = 4; lastKnownFileType = sourcecode.c.objc; path = "UIButton+AFNetworking.m"; sourceTree = "<group>"; };
		9EEE4E5718454DA300C0066E /* UIImageView+AFNetworking.h */ = {isa = PBXFileReference; fileEncoding = 4; lastKnownFileType = sourcecode.c.h; path = "UIImageView+AFNetworking.h"; sourceTree = "<group>"; };
		9EEE4E5818454DA300C0066E /* UIImageView+AFNetworking.m */ = {isa = PBXFileReference; fileEncoding = 4; lastKnownFileType = sourcecode.c.objc; path = "UIImageView+AFNetworking.m"; sourceTree = "<group>"; };
		9EEE4E5918454DA300C0066E /* UIKit+AFNetworking.h */ = {isa = PBXFileReference; fileEncoding = 4; lastKnownFileType = sourcecode.c.h; path = "UIKit+AFNetworking.h"; sourceTree = "<group>"; };
		9EEE4E5A18454DA300C0066E /* UIProgressView+AFNetworking.h */ = {isa = PBXFileReference; fileEncoding = 4; lastKnownFileType = sourcecode.c.h; path = "UIProgressView+AFNetworking.h"; sourceTree = "<group>"; };
		9EEE4E5B18454DA300C0066E /* UIProgressView+AFNetworking.m */ = {isa = PBXFileReference; fileEncoding = 4; lastKnownFileType = sourcecode.c.objc; path = "UIProgressView+AFNetworking.m"; sourceTree = "<group>"; };
		9EEE4E5C18454DA300C0066E /* UIWebView+AFNetworking.h */ = {isa = PBXFileReference; fileEncoding = 4; lastKnownFileType = sourcecode.c.h; path = "UIWebView+AFNetworking.h"; sourceTree = "<group>"; };
		9EEE4E5D18454DA300C0066E /* UIWebView+AFNetworking.m */ = {isa = PBXFileReference; fileEncoding = 4; lastKnownFileType = sourcecode.c.objc; path = "UIWebView+AFNetworking.m"; sourceTree = "<group>"; };
		9EEE4E65184550C800C0066E /* SRAddSourceViewController.h */ = {isa = PBXFileReference; fileEncoding = 4; lastKnownFileType = sourcecode.c.h; path = SRAddSourceViewController.h; sourceTree = "<group>"; };
		9EEE4E66184550C800C0066E /* SRAddSourceViewController.m */ = {isa = PBXFileReference; fileEncoding = 4; lastKnownFileType = sourcecode.c.objc; path = SRAddSourceViewController.m; sourceTree = "<group>"; };
		9EEE4E67184550C800C0066E /* SRAddSourceViewController.xib */ = {isa = PBXFileReference; fileEncoding = 4; lastKnownFileType = file.xib; path = SRAddSourceViewController.xib; sourceTree = "<group>"; };
/* End PBXFileReference section */

/* Begin PBXFrameworksBuildPhase section */
		9E41786A1844063800A9DA60 /* Frameworks */ = {
			isa = PBXFrameworksBuildPhase;
			buildActionMask = 2147483647;
			files = (
				9E417A031844108700A9DA60 /* libxml2.dylib in Frameworks */,
				9E4178731844063800A9DA60 /* CoreGraphics.framework in Frameworks */,
				9E4178751844063800A9DA60 /* UIKit.framework in Frameworks */,
				9E4178711844063800A9DA60 /* Foundation.framework in Frameworks */,
			);
			runOnlyForDeploymentPostprocessing = 0;
		};
		9E4178851844063900A9DA60 /* Frameworks */ = {
			isa = PBXFrameworksBuildPhase;
			buildActionMask = 2147483647;
			files = (
				9E41788A1844063900A9DA60 /* XCTest.framework in Frameworks */,
				9E41788C1844063900A9DA60 /* UIKit.framework in Frameworks */,
				9E41788B1844063900A9DA60 /* Foundation.framework in Frameworks */,
			);
			runOnlyForDeploymentPostprocessing = 0;
		};
/* End PBXFrameworksBuildPhase section */

/* Begin PBXGroup section */
		9E4178641844063800A9DA60 = {
			isa = PBXGroup;
			children = (
				9E4178761844063800A9DA60 /* SmartReaderiOS */,
				9E41788F1844063900A9DA60 /* SmartReaderiOSTests */,
				9E41786F1844063800A9DA60 /* Frameworks */,
				9E41786E1844063800A9DA60 /* Products */,
			);
			sourceTree = "<group>";
		};
		9E41786E1844063800A9DA60 /* Products */ = {
			isa = PBXGroup;
			children = (
				9E41786D1844063800A9DA60 /* SmartReaderiOS.app */,
				9E4178881844063900A9DA60 /* SmartReaderiOSTests.xctest */,
			);
			name = Products;
			sourceTree = "<group>";
		};
		9E41786F1844063800A9DA60 /* Frameworks */ = {
			isa = PBXGroup;
			children = (
				9E417A021844108700A9DA60 /* libxml2.dylib */,
				9E4178701844063800A9DA60 /* Foundation.framework */,
				9E4178721844063800A9DA60 /* CoreGraphics.framework */,
				9E4178741844063800A9DA60 /* UIKit.framework */,
				9E4178891844063900A9DA60 /* XCTest.framework */,
			);
			name = Frameworks;
			sourceTree = "<group>";
		};
		9E4178761844063800A9DA60 /* SmartReaderiOS */ = {
			isa = PBXGroup;
			children = (
				9E9898DF186A4BAC00353440 /* Images */,
				9E4178A41844084900A9DA60 /* External Libs */,
				9E41787F1844063800A9DA60 /* SRAppDelegate.h */,
				9E4178801844063800A9DA60 /* SRAppDelegate.m */,
				9E4178821844063800A9DA60 /* Images.xcassets */,
				9E4178771844063800A9DA60 /* Supporting Files */,
				9E417A04184410ED00A9DA60 /* SRMainTableViewController.h */,
				9E417A05184410ED00A9DA60 /* SRMainTableViewController.m */,
				9E417A06184410ED00A9DA60 /* SRMainTableViewController.xib */,
				9E417A0918441E6000A9DA60 /* SRSecondaryTableViewController.h */,
				9E417A0A18441E6000A9DA60 /* SRSecondaryTableViewController.m */,
				9E417A0B18441E6000A9DA60 /* SRSecondaryTableViewController.xib */,
				9E417A0E18441E7600A9DA60 /* SRMainContentViewController.h */,
				9E417A0F18441E7600A9DA60 /* SRMainContentViewController.m */,
				9E417A1018441E7600A9DA60 /* SRMainContentViewController.xib */,
				9EEE4E65184550C800C0066E /* SRAddSourceViewController.h */,
				9EEE4E66184550C800C0066E /* SRAddSourceViewController.m */,
				9EEE4E67184550C800C0066E /* SRAddSourceViewController.xib */,
				9EEE4E4418451DAE00C0066E /* SRFileUtility.h */,
				9EEE4E4518451DAE00C0066E /* SRFileUtility.m */,
				9EEE4E4718452A3B00C0066E /* SRDebug.h */,
				9EEE4E4818452A3B00C0066E /* SRDebug.m */,
				9EEE4E4B184547F600C0066E /* SRSource.h */,
				9EEE4E4C184547F600C0066E /* SRSource.m */,
			);
			path = SmartReaderiOS;
			sourceTree = "<group>";
		};
		9E4178771844063800A9DA60 /* Supporting Files */ = {
			isa = PBXGroup;
			children = (
				9E4178781844063800A9DA60 /* SmartReaderiOS-Info.plist */,
				9E4178791844063800A9DA60 /* InfoPlist.strings */,
				9E41787C1844063800A9DA60 /* main.m */,
				9E41787E1844063800A9DA60 /* SmartReaderiOS-Prefix.pch */,
			);
			name = "Supporting Files";
			sourceTree = "<group>";
		};
		9E41788F1844063900A9DA60 /* SmartReaderiOSTests */ = {
			isa = PBXGroup;
			children = (
				9E4178951844063900A9DA60 /* SmartReaderiOSTests.m */,
				9E4178901844063900A9DA60 /* Supporting Files */,
			);
			path = SmartReaderiOSTests;
			sourceTree = "<group>";
		};
		9E4178901844063900A9DA60 /* Supporting Files */ = {
			isa = PBXGroup;
			children = (
				9E4178911844063900A9DA60 /* SmartReaderiOSTests-Info.plist */,
				9E4178921844063900A9DA60 /* InfoPlist.strings */,
			);
			name = "Supporting Files";
			sourceTree = "<group>";
		};
		9E4178A41844084900A9DA60 /* External Libs */ = {
			isa = PBXGroup;
			children = (
				9E4179D51844095000A9DA60 /* AFNetworking */,
				9E4179CA1844092000A9DA60 /* MWFeedParser */,
				9E4179C3184408F100A9DA60 /* HTMLParser */,
			);
			name = "External Libs";
			sourceTree = "<group>";
		};
		9E4179C3184408F100A9DA60 /* HTMLParser */ = {
			isa = PBXGroup;
			children = (
				9E4179C4184408FD00A9DA60 /* HTMLNode.h */,
				9E4179C5184408FD00A9DA60 /* HTMLNode.m */,
				9E4179C6184408FD00A9DA60 /* HTMLParser.h */,
				9E4179C7184408FD00A9DA60 /* HTMLParser.m */,
			);
			name = HTMLParser;
			sourceTree = "<group>";
		};
		9E4179CA1844092000A9DA60 /* MWFeedParser */ = {
			isa = PBXGroup;
			children = (
				9E4179FE18440E5400A9DA60 /* Depreciated */,
				9E4179F318440DF900A9DA60 /* Google Toolbox for Mac */,
				9E4179F218440DF300A9DA60 /* Categories */,
				9E4179CB1844093400A9DA60 /* MWFeedParser.h */,
				9E4179CC1844093400A9DA60 /* MWFeedParser_Private.h */,
				9E4179CD1844093400A9DA60 /* MWFeedParser.m */,
				9E4179CE1844093400A9DA60 /* MWFeedInfo.h */,
				9E4179CF1844093400A9DA60 /* MWFeedInfo.m */,
				9E4179D01844093400A9DA60 /* MWFeedItem.h */,
				9E4179D11844093400A9DA60 /* MWFeedItem.m */,
			);
			name = MWFeedParser;
			sourceTree = "<group>";
		};
		9E4179D51844095000A9DA60 /* AFNetworking */ = {
			isa = PBXGroup;
			children = (
				9EEE4E4E18454DA300C0066E /* UIKit+AFNetworking */,
				9E4179D61844095C00A9DA60 /* AFHTTPRequestOperation.h */,
				9E4179D71844095C00A9DA60 /* AFHTTPRequestOperation.m */,
				9E4179D81844095C00A9DA60 /* AFHTTPRequestOperationManager.h */,
				9E4179D91844095C00A9DA60 /* AFHTTPRequestOperationManager.m */,
				9E4179DA1844095C00A9DA60 /* AFHTTPSessionManager.h */,
				9E4179DB1844095C00A9DA60 /* AFHTTPSessionManager.m */,
				9E4179DC1844095C00A9DA60 /* AFNetworking.h */,
				9E4179DD1844095C00A9DA60 /* AFNetworkReachabilityManager.h */,
				9E4179DE1844095C00A9DA60 /* AFNetworkReachabilityManager.m */,
				9E4179DF1844095C00A9DA60 /* AFSecurityPolicy.h */,
				9E4179E01844095C00A9DA60 /* AFSecurityPolicy.m */,
				9E4179E11844095C00A9DA60 /* AFURLConnectionOperation.h */,
				9E4179E21844095C00A9DA60 /* AFURLConnectionOperation.m */,
				9E4179E31844095C00A9DA60 /* AFURLRequestSerialization.h */,
				9E4179E41844095C00A9DA60 /* AFURLRequestSerialization.m */,
				9E4179E51844095C00A9DA60 /* AFURLResponseSerialization.h */,
				9E4179E61844095C00A9DA60 /* AFURLResponseSerialization.m */,
				9E4179E71844095C00A9DA60 /* AFURLSessionManager.h */,
				9E4179E81844095C00A9DA60 /* AFURLSessionManager.m */,
			);
			name = AFNetworking;
			sourceTree = "<group>";
		};
		9E4179F218440DF300A9DA60 /* Categories */ = {
			isa = PBXGroup;
			children = (
				9E4179F518440E1500A9DA60 /* NSString+HTML.h */,
				9E4179F618440E1500A9DA60 /* NSString+HTML.m */,
				9E4179F718440E1500A9DA60 /* NSDate+InternetDateTime.h */,
				9E4179F818440E1500A9DA60 /* NSDate+InternetDateTime.m */,
			);
			name = Categories;
			sourceTree = "<group>";
		};
		9E4179F318440DF900A9DA60 /* Google Toolbox for Mac */ = {
			isa = PBXGroup;
			children = (
				9E4179FB18440E1D00A9DA60 /* GTMNSString+HTML.h */,
				9E4179FC18440E1D00A9DA60 /* GTMNSString+HTML.m */,
			);
			name = "Google Toolbox for Mac";
			sourceTree = "<group>";
		};
		9E4179FE18440E5400A9DA60 /* Depreciated */ = {
			isa = PBXGroup;
			children = (
				9E4179FF18440E5E00A9DA60 /* NSString+XMLEntities.h */,
				9E417A0018440E5E00A9DA60 /* NSString+XMLEntities.m */,
			);
			name = Depreciated;
			sourceTree = "<group>";
		};
		9E9898DF186A4BAC00353440 /* Images */ = {
			isa = PBXGroup;
			children = (
			);
			path = Images;
			sourceTree = "<group>";
		};
		9EEE4E4E18454DA300C0066E /* UIKit+AFNetworking */ = {
			isa = PBXGroup;
			children = (
				9EEE4E4F18454DA300C0066E /* AFNetworkActivityIndicatorManager.h */,
				9EEE4E5018454DA300C0066E /* AFNetworkActivityIndicatorManager.m */,
				9EEE4E5118454DA300C0066E /* UIActivityIndicatorView+AFNetworking.h */,
				9EEE4E5218454DA300C0066E /* UIActivityIndicatorView+AFNetworking.m */,
				9EEE4E5318454DA300C0066E /* UIAlertView+AFNetworking.h */,
				9EEE4E5418454DA300C0066E /* UIAlertView+AFNetworking.m */,
				9EEE4E5518454DA300C0066E /* UIButton+AFNetworking.h */,
				9EEE4E5618454DA300C0066E /* UIButton+AFNetworking.m */,
				9EEE4E5718454DA300C0066E /* UIImageView+AFNetworking.h */,
				9EEE4E5818454DA300C0066E /* UIImageView+AFNetworking.m */,
				9EEE4E5918454DA300C0066E /* UIKit+AFNetworking.h */,
				9EEE4E5A18454DA300C0066E /* UIProgressView+AFNetworking.h */,
				9EEE4E5B18454DA300C0066E /* UIProgressView+AFNetworking.m */,
				9EEE4E5C18454DA300C0066E /* UIWebView+AFNetworking.h */,
				9EEE4E5D18454DA300C0066E /* UIWebView+AFNetworking.m */,
			);
			name = "UIKit+AFNetworking";
			path = "AFNetworking/UIKit+AFNetworking";
			sourceTree = SOURCE_ROOT;
		};
/* End PBXGroup section */

/* Begin PBXNativeTarget section */
		9E41786C1844063800A9DA60 /* SmartReaderiOS */ = {
			isa = PBXNativeTarget;
			buildConfigurationList = 9E4178991844063900A9DA60 /* Build configuration list for PBXNativeTarget "SmartReaderiOS" */;
			buildPhases = (
				9E4178691844063800A9DA60 /* Sources */,
				9E41786A1844063800A9DA60 /* Frameworks */,
				9E41786B1844063800A9DA60 /* Resources */,
			);
			buildRules = (
			);
			dependencies = (
			);
			name = SmartReaderiOS;
			productName = SmartReaderiOS;
			productReference = 9E41786D1844063800A9DA60 /* SmartReaderiOS.app */;
			productType = "com.apple.product-type.application";
		};
		9E4178871844063900A9DA60 /* SmartReaderiOSTests */ = {
			isa = PBXNativeTarget;
			buildConfigurationList = 9E41789C1844063900A9DA60 /* Build configuration list for PBXNativeTarget "SmartReaderiOSTests" */;
			buildPhases = (
				9E4178841844063900A9DA60 /* Sources */,
				9E4178851844063900A9DA60 /* Frameworks */,
				9E4178861844063900A9DA60 /* Resources */,
			);
			buildRules = (
			);
			dependencies = (
				9E41788E1844063900A9DA60 /* PBXTargetDependency */,
			);
			name = SmartReaderiOSTests;
			productName = SmartReaderiOSTests;
			productReference = 9E4178881844063900A9DA60 /* SmartReaderiOSTests.xctest */;
			productType = "com.apple.product-type.bundle.unit-test";
		};
/* End PBXNativeTarget section */

/* Begin PBXProject section */
		9E4178651844063800A9DA60 /* Project object */ = {
			isa = PBXProject;
			attributes = {
				CLASSPREFIX = SR;
				LastUpgradeCheck = 0500;
				ORGANIZATIONNAME = "Ke Sun";
				TargetAttributes = {
					9E4178871844063900A9DA60 = {
						TestTargetID = 9E41786C1844063800A9DA60;
					};
				};
			};
			buildConfigurationList = 9E4178681844063800A9DA60 /* Build configuration list for PBXProject "SmartReaderiOS" */;
			compatibilityVersion = "Xcode 3.2";
			developmentRegion = English;
			hasScannedForEncodings = 0;
			knownRegions = (
				en,
			);
			mainGroup = 9E4178641844063800A9DA60;
			productRefGroup = 9E41786E1844063800A9DA60 /* Products */;
			projectDirPath = "";
			projectRoot = "";
			targets = (
				9E41786C1844063800A9DA60 /* SmartReaderiOS */,
				9E4178871844063900A9DA60 /* SmartReaderiOSTests */,
			);
		};
/* End PBXProject section */

/* Begin PBXResourcesBuildPhase section */
		9E41786B1844063800A9DA60 /* Resources */ = {
			isa = PBXResourcesBuildPhase;
			buildActionMask = 2147483647;
			files = (
				9EEE4E69184550C800C0066E /* SRAddSourceViewController.xib in Resources */,
				9E41787B1844063800A9DA60 /* InfoPlist.strings in Resources */,
				9E4178831844063800A9DA60 /* Images.xcassets in Resources */,
				9E417A08184410ED00A9DA60 /* SRMainTableViewController.xib in Resources */,
				9E417A0D18441E6000A9DA60 /* SRSecondaryTableViewController.xib in Resources */,
				9E417A1218441E7600A9DA60 /* SRMainContentViewController.xib in Resources */,
			);
			runOnlyForDeploymentPostprocessing = 0;
		};
		9E4178861844063900A9DA60 /* Resources */ = {
			isa = PBXResourcesBuildPhase;
			buildActionMask = 2147483647;
			files = (
				9E4178941844063900A9DA60 /* InfoPlist.strings in Resources */,
			);
			runOnlyForDeploymentPostprocessing = 0;
		};
/* End PBXResourcesBuildPhase section */

/* Begin PBXSourcesBuildPhase section */
		9E4178691844063800A9DA60 /* Sources */ = {
			isa = PBXSourcesBuildPhase;
			buildActionMask = 2147483647;
			files = (
				9EEE4E6318454DA300C0066E /* UIProgressView+AFNetworking.m in Sources */,
				9EEE4E6218454DA300C0066E /* UIImageView+AFNetworking.m in Sources */,
				9E417A0118440E5E00A9DA60 /* NSString+XMLEntities.m in Sources */,
				9E4179F11844095C00A9DA60 /* AFURLSessionManager.m in Sources */,
				9E4179EE1844095C00A9DA60 /* AFURLConnectionOperation.m in Sources */,
				9EEE4E6418454DA300C0066E /* UIWebView+AFNetworking.m in Sources */,
				9EEE4E4D184547F600C0066E /* SRSource.m in Sources */,
				9E417A07184410ED00A9DA60 /* SRMainTableViewController.m in Sources */,
				9E4179E91844095C00A9DA60 /* AFHTTPRequestOperation.m in Sources */,
				9EEE4E5F18454DA300C0066E /* UIActivityIndicatorView+AFNetworking.m in Sources */,
				9E4179C8184408FD00A9DA60 /* HTMLNode.m in Sources */,
				9E417A0C18441E6000A9DA60 /* SRSecondaryTableViewController.m in Sources */,
				9EEE4E5E18454DA300C0066E /* AFNetworkActivityIndicatorManager.m in Sources */,
				9E4179F918440E1500A9DA60 /* NSString+HTML.m in Sources */,
				9EEE4E6018454DA300C0066E /* UIAlertView+AFNetworking.m in Sources */,
				9E4179EA1844095C00A9DA60 /* AFHTTPRequestOperationManager.m in Sources */,
				9E4179D21844093400A9DA60 /* MWFeedParser.m in Sources */,
				9E4179EB1844095C00A9DA60 /* AFHTTPSessionManager.m in Sources */,
				9EEE4E4918452A3B00C0066E /* SRDebug.m in Sources */,
				9E41787D1844063800A9DA60 /* main.m in Sources */,
				9E4179FA18440E1500A9DA60 /* NSDate+InternetDateTime.m in Sources */,
				9EEE4E4618451DAE00C0066E /* SRFileUtility.m in Sources */,
				9E4178811844063800A9DA60 /* SRAppDelegate.m in Sources */,
				9E4179D31844093400A9DA60 /* MWFeedInfo.m in Sources */,
				9E4179ED1844095C00A9DA60 /* AFSecurityPolicy.m in Sources */,
				9E4179D41844093400A9DA60 /* MWFeedItem.m in Sources */,
				9E4179EF1844095C00A9DA60 /* AFURLRequestSerialization.m in Sources */,
				9E4179EC1844095C00A9DA60 /* AFNetworkReachabilityManager.m in Sources */,
				9E4179FD18440E1D00A9DA60 /* GTMNSString+HTML.m in Sources */,
				9EEE4E6118454DA300C0066E /* UIButton+AFNetworking.m in Sources */,
				9EEE4E68184550C800C0066E /* SRAddSourceViewController.m in Sources */,
				9E417A1118441E7600A9DA60 /* SRMainContentViewController.m in Sources */,
				9E4179F01844095C00A9DA60 /* AFURLResponseSerialization.m in Sources */,
				9E4179C9184408FD00A9DA60 /* HTMLParser.m in Sources */,
			);
			runOnlyForDeploymentPostprocessing = 0;
		};
		9E4178841844063900A9DA60 /* Sources */ = {
			isa = PBXSourcesBuildPhase;
			buildActionMask = 2147483647;
			files = (
				9E4178961844063900A9DA60 /* SmartReaderiOSTests.m in Sources */,
			);
			runOnlyForDeploymentPostprocessing = 0;
		};
/* End PBXSourcesBuildPhase section */

/* Begin PBXTargetDependency section */
		9E41788E1844063900A9DA60 /* PBXTargetDependency */ = {
			isa = PBXTargetDependency;
			target = 9E41786C1844063800A9DA60 /* SmartReaderiOS */;
			targetProxy = 9E41788D1844063900A9DA60 /* PBXContainerItemProxy */;
		};
/* End PBXTargetDependency section */

/* Begin PBXVariantGroup section */
		9E4178791844063800A9DA60 /* InfoPlist.strings */ = {
			isa = PBXVariantGroup;
			children = (
				9E41787A1844063800A9DA60 /* en */,
			);
			name = InfoPlist.strings;
			sourceTree = "<group>";
		};
		9E4178921844063900A9DA60 /* InfoPlist.strings */ = {
			isa = PBXVariantGroup;
			children = (
				9E4178931844063900A9DA60 /* en */,
			);
			name = InfoPlist.strings;
			sourceTree = "<group>";
		};
/* End PBXVariantGroup section */

/* Begin XCBuildConfiguration section */
		9E4178971844063900A9DA60 /* Debug */ = {
			isa = XCBuildConfiguration;
			buildSettings = {
				ALWAYS_SEARCH_USER_PATHS = NO;
				ARCHS = "$(ARCHS_STANDARD_INCLUDING_64_BIT)";
				CLANG_CXX_LANGUAGE_STANDARD = "gnu++0x";
				CLANG_CXX_LIBRARY = "libc++";
				CLANG_ENABLE_MODULES = YES;
				CLANG_ENABLE_OBJC_ARC = YES;
				CLANG_WARN_BOOL_CONVERSION = YES;
				CLANG_WARN_CONSTANT_CONVERSION = YES;
				CLANG_WARN_DIRECT_OBJC_ISA_USAGE = YES_ERROR;
				CLANG_WARN_EMPTY_BODY = YES;
				CLANG_WARN_ENUM_CONVERSION = YES;
				CLANG_WARN_INT_CONVERSION = YES;
				CLANG_WARN_OBJC_ROOT_CLASS = YES_ERROR;
				CLANG_WARN__DUPLICATE_METHOD_MATCH = YES;
				"CODE_SIGN_IDENTITY[sdk=iphoneos*]" = "iPhone Developer";
				COPY_PHASE_STRIP = NO;
				GCC_C_LANGUAGE_STANDARD = gnu99;
				GCC_DYNAMIC_NO_PIC = NO;
				GCC_OPTIMIZATION_LEVEL = 0;
				GCC_PREPROCESSOR_DEFINITIONS = (
					"DEBUG=1",
					"$(inherited)",
				);
				GCC_SYMBOLS_PRIVATE_EXTERN = NO;
				GCC_WARN_64_TO_32_BIT_CONVERSION = YES;
				GCC_WARN_ABOUT_RETURN_TYPE = YES_ERROR;
				GCC_WARN_UNDECLARED_SELECTOR = YES;
				GCC_WARN_UNINITIALIZED_AUTOS = YES;
				GCC_WARN_UNUSED_FUNCTION = YES;
				GCC_WARN_UNUSED_VARIABLE = YES;
				IPHONEOS_DEPLOYMENT_TARGET = 7.0;
				ONLY_ACTIVE_ARCH = YES;
				SDKROOT = iphoneos;
				TARGETED_DEVICE_FAMILY = "1,2";
			};
			name = Debug;
		};
		9E4178981844063900A9DA60 /* Release */ = {
			isa = XCBuildConfiguration;
			buildSettings = {
				ALWAYS_SEARCH_USER_PATHS = NO;
				ARCHS = "$(ARCHS_STANDARD_INCLUDING_64_BIT)";
				CLANG_CXX_LANGUAGE_STANDARD = "gnu++0x";
				CLANG_CXX_LIBRARY = "libc++";
				CLANG_ENABLE_MODULES = YES;
				CLANG_ENABLE_OBJC_ARC = YES;
				CLANG_WARN_BOOL_CONVERSION = YES;
				CLANG_WARN_CONSTANT_CONVERSION = YES;
				CLANG_WARN_DIRECT_OBJC_ISA_USAGE = YES_ERROR;
				CLANG_WARN_EMPTY_BODY = YES;
				CLANG_WARN_ENUM_CONVERSION = YES;
				CLANG_WARN_INT_CONVERSION = YES;
				CLANG_WARN_OBJC_ROOT_CLASS = YES_ERROR;
				CLANG_WARN__DUPLICATE_METHOD_MATCH = YES;
				"CODE_SIGN_IDENTITY[sdk=iphoneos*]" = "iPhone Developer";
				COPY_PHASE_STRIP = YES;
				ENABLE_NS_ASSERTIONS = NO;
				GCC_C_LANGUAGE_STANDARD = gnu99;
				GCC_WARN_64_TO_32_BIT_CONVERSION = YES;
				GCC_WARN_ABOUT_RETURN_TYPE = YES_ERROR;
				GCC_WARN_UNDECLARED_SELECTOR = YES;
				GCC_WARN_UNINITIALIZED_AUTOS = YES;
				GCC_WARN_UNUSED_FUNCTION = YES;
				GCC_WARN_UNUSED_VARIABLE = YES;
				IPHONEOS_DEPLOYMENT_TARGET = 7.0;
				SDKROOT = iphoneos;
				TARGETED_DEVICE_FAMILY = "1,2";
				VALIDATE_PRODUCT = YES;
			};
			name = Release;
		};
		9E41789A1844063900A9DA60 /* Debug */ = {
			isa = XCBuildConfiguration;
			buildSettings = {
				ASSETCATALOG_COMPILER_APPICON_NAME = AppIcon;
				ASSETCATALOG_COMPILER_LAUNCHIMAGE_NAME = LaunchImage;
				GCC_PRECOMPILE_PREFIX_HEADER = YES;
				GCC_PREFIX_HEADER = "SmartReaderiOS/SmartReaderiOS-Prefix.pch";
				HEADER_SEARCH_PATHS = (
					"$(inherited)",
					"/usr/include/libxml2/**",
				);
				INFOPLIST_FILE = "SmartReaderiOS/SmartReaderiOS-Info.plist";
				LIBRARY_SEARCH_PATHS = "";
				PRODUCT_NAME = "$(TARGET_NAME)";
				USER_HEADER_SEARCH_PATHS = "";
				WRAPPER_EXTENSION = app;
			};
			name = Debug;
		};
		9E41789B1844063900A9DA60 /* Release */ = {
			isa = XCBuildConfiguration;
			buildSettings = {
				ASSETCATALOG_COMPILER_APPICON_NAME = AppIcon;
				ASSETCATALOG_COMPILER_LAUNCHIMAGE_NAME = LaunchImage;
				GCC_PRECOMPILE_PREFIX_HEADER = YES;
				GCC_PREFIX_HEADER = "SmartReaderiOS/SmartReaderiOS-Prefix.pch";
				HEADER_SEARCH_PATHS = (
					"$(inherited)",
					"/usr/include/libxml2/**",
				);
				INFOPLIST_FILE = "SmartReaderiOS/SmartReaderiOS-Info.plist";
				LIBRARY_SEARCH_PATHS = "";
				PRODUCT_NAME = "$(TARGET_NAME)";
				USER_HEADER_SEARCH_PATHS = "";
				WRAPPER_EXTENSION = app;
			};
			name = Release;
		};
		9E41789D1844063900A9DA60 /* Debug */ = {
			isa = XCBuildConfiguration;
			buildSettings = {
				ARCHS = "$(ARCHS_STANDARD_INCLUDING_64_BIT)";
				BUNDLE_LOADER = "$(BUILT_PRODUCTS_DIR)/SmartReaderiOS.app/SmartReaderiOS";
				FRAMEWORK_SEARCH_PATHS = (
					"$(SDKROOT)/Developer/Library/Frameworks",
					"$(inherited)",
					"$(DEVELOPER_FRAMEWORKS_DIR)",
				);
				GCC_PRECOMPILE_PREFIX_HEADER = YES;
				GCC_PREFIX_HEADER = "SmartReaderiOS/SmartReaderiOS-Prefix.pch";
				GCC_PREPROCESSOR_DEFINITIONS = (
					"DEBUG=1",
					"$(inherited)",
				);
				INFOPLIST_FILE = "SmartReaderiOSTests/SmartReaderiOSTests-Info.plist";
				PRODUCT_NAME = "$(TARGET_NAME)";
				TEST_HOST = "$(BUNDLE_LOADER)";
				WRAPPER_EXTENSION = xctest;
			};
			name = Debug;
		};
		9E41789E1844063900A9DA60 /* Release */ = {
			isa = XCBuildConfiguration;
			buildSettings = {
				ARCHS = "$(ARCHS_STANDARD_INCLUDING_64_BIT)";
				BUNDLE_LOADER = "$(BUILT_PRODUCTS_DIR)/SmartReaderiOS.app/SmartReaderiOS";
				FRAMEWORK_SEARCH_PATHS = (
					"$(SDKROOT)/Developer/Library/Frameworks",
					"$(inherited)",
					"$(DEVELOPER_FRAMEWORKS_DIR)",
				);
				GCC_PRECOMPILE_PREFIX_HEADER = YES;
				GCC_PREFIX_HEADER = "SmartReaderiOS/SmartReaderiOS-Prefix.pch";
				INFOPLIST_FILE = "SmartReaderiOSTests/SmartReaderiOSTests-Info.plist";
				PRODUCT_NAME = "$(TARGET_NAME)";
				TEST_HOST = "$(BUNDLE_LOADER)";
				WRAPPER_EXTENSION = xctest;
			};
			name = Release;
		};
/* End XCBuildConfiguration section */

/* Begin XCConfigurationList section */
		9E4178681844063800A9DA60 /* Build configuration list for PBXProject "SmartReaderiOS" */ = {
			isa = XCConfigurationList;
			buildConfigurations = (
				9E4178971844063900A9DA60 /* Debug */,
				9E4178981844063900A9DA60 /* Release */,
			);
			defaultConfigurationIsVisible = 0;
			defaultConfigurationName = Release;
		};
		9E4178991844063900A9DA60 /* Build configuration list for PBXNativeTarget "SmartReaderiOS" */ = {
			isa = XCConfigurationList;
			buildConfigurations = (
				9E41789A1844063900A9DA60 /* Debug */,
				9E41789B1844063900A9DA60 /* Release */,
			);
			defaultConfigurationIsVisible = 0;
			defaultConfigurationName = Release;
		};
		9E41789C1844063900A9DA60 /* Build configuration list for PBXNativeTarget "SmartReaderiOSTests" */ = {
			isa = XCConfigurationList;
			buildConfigurations = (
				9E41789D1844063900A9DA60 /* Debug */,
				9E41789E1844063900A9DA60 /* Release */,
			);
			defaultConfigurationIsVisible = 0;
			defaultConfigurationName = Release;
		};
/* End XCConfigurationList section */
	};
	rootObject = 9E4178651844063800A9DA60 /* Project object */;
}
